
Microsoft Visual Studio Solution File, Format Version 12.00
# Visual Studio Version 17
VisualStudioVersion = 17.6.33723.286
MinimumVisualStudioVersion = 10.0.40219.1
Project("{FAE04EC0-301F-11D3-BF4B-00C04F79EFBC}") = "Binance_WFA", "Binance_WFA.csproj", "{72339B0F-B1DE-4203-A4B8-8BF61E665BAD}"
EndProject
Global
	GlobalSection(SolutionConfigurationPlatforms) = preSolution
		Debug|Any CPU = Debug|Any CPU
		Release|Any CPU = Release|Any CPU
	EndGlobalSection
	GlobalSection(ProjectConfigurationPlatforms) = postSolution
		{72339B0F-B1DE-4203-A4B8-8BF61E665BAD}.Debug|Any CPU.ActiveCfg = Debug|Any CPU
		{72339B0F-B1DE-4203-A4B8-8BF61E665BAD}.Debug|Any CPU.Build.0 = Debug|Any CPU
		{72339B0F-B1DE-4203-A4B8-8BF61E665BAD}.Release|Any CPU.ActiveCfg = Release|Any CPU
		{72339B0F-B1DE-4203-A4B8-8BF61E665BAD}.Release|Any CPU.Build.0 = Release|Any CPU
	EndGlobalSection
	GlobalSection(SolutionProperties) = preSolution
		HideSolutionNode = FALSE
	EndGlobalSection
	GlobalSection(ExtensibilityGlobals) = postSolution
		SolutionGuid = {4ED408EB-A24F-4295-88A7-2B361BF43FDA}
	EndGlobalSection
EndGlobal
